prefixes:
  certificate_roots: toit-cert-roots
  http: pkg-http
packages:
  pkg-http:
    url: github.com/toitlang/pkg-http
    version: 1.8.0
    hash: 91b51dd6bbb9ce04df3c9c9fabaded9de90fb0c9
  toit-cert-roots:
    url: github.com/toitware/toit-cert-roots
    version: 1.3.1
    hash: 487d7073bf2385b6683a264ce9217d77a9c388e2
